
Microsoft Visual Studio Solution File, Format Version 11.00
# Visual Studio 2010
Project("{FAE04EC0-301F-11D3-BF4B-00C04F79EFBC}") = "Tinker", "Assembly-CSharp-firstpass.csproj", "{2F94A927-FAFA-9CB1-0791-E302D584A07A}"
EndProject
Project("{FAE04EC0-301F-11D3-BF4B-00C04F79EFBC}") = "Tinker", "Assembly-CSharp-Editor-firstpass.csproj", "{4BD5A1DC-F7F0-A471-DB3F-5A6A4AC7AEC8}"
EndProject
Global
	GlobalSection(SolutionConfigurationPlatforms) = preSolution
		Debug|Any CPU = Debug|Any CPU
		Release|Any CPU = Release|Any CPU
	EndGlobalSection
	GlobalSection(ProjectConfigurationPlatforms) = postSolution
		{2F94A927-FAFA-9CB1-0791-E302D584A07A}.Debug|Any CPU.ActiveCfg = Debug|Any CPU
		{2F94A927-FAFA-9CB1-0791-E302D584A07A}.Debug|Any CPU.Build.0 = Debug|Any CPU
		{2F94A927-FAFA-9CB1-0791-E302D584A07A}.Release|Any CPU.ActiveCfg = Release|Any CPU
		{2F94A927-FAFA-9CB1-0791-E302D584A07A}.Release|Any CPU.Build.0 = Release|Any CPU
		{4BD5A1DC-F7F0-A471-DB3F-5A6A4AC7AEC8}.Debug|Any CPU.ActiveCfg = Debug|Any CPU
		{4BD5A1DC-F7F0-A471-DB3F-5A6A4AC7AEC8}.Debug|Any CPU.Build.0 = Debug|Any CPU
		{4BD5A1DC-F7F0-A471-DB3F-5A6A4AC7AEC8}.Release|Any CPU.ActiveCfg = Release|Any CPU
		{4BD5A1DC-F7F0-A471-DB3F-5A6A4AC7AEC8}.Release|Any CPU.Build.0 = Release|Any CPU
	EndGlobalSection
	GlobalSection(SolutionProperties) = preSolution
		HideSolutionNode = FALSE
	EndGlobalSection
	GlobalSection(MonoDevelopProperties) = preSolution
		StartupItem = Assembly-CSharp.csproj
	EndGlobalSection
EndGlobal
